// !$*UTF8*$!
{
	archiveVersion = 1;
	classes = {
	};
	objectVersion = 50;
	objects = {

/* Begin PBXBuildFile section */
		454896AF262588D700F3ECA4 /* AppDelegate.swift in Sources */ = {isa = PBXBuildFile; fileRef = 454896AE262588D700F3ECA4 /* AppDelegate.swift */; };
		454896B1262588D700F3ECA4 /* SceneDelegate.swift in Sources */ = {isa = PBXBuildFile; fileRef = 454896B0262588D700F3ECA4 /* SceneDelegate.swift */; };
		454896B3262588D700F3ECA4 /* ViewController.swift in Sources */ = {isa = PBXBuildFile; fileRef = 454896B2262588D700F3ECA4 /* ViewController.swift */; };
		454896B6262588D700F3ECA4 /* Main.storyboard in Resources */ = {isa = PBXBuildFile; fileRef = 454896B4262588D700F3ECA4 /* Main.storyboard */; };
		454896B9262588D700F3ECA4 /* iOSBootcampFinalProject.xcdatamodeld in Sources */ = {isa = PBXBuildFile; fileRef = 454896B7262588D700F3ECA4 /* iOSBootcampFinalProject.xcdatamodeld */; };
		454896BB262588DA00F3ECA4 /* Assets.xcassets in Resources */ = {isa = PBXBuildFile; fileRef = 454896BA262588DA00F3ECA4 /* Assets.xcassets */; };
		454896BE262588DA00F3ECA4 /* LaunchScreen.storyboard in Resources */ = {isa = PBXBuildFile; fileRef = 454896BC262588DA00F3ECA4 /* LaunchScreen.storyboard */; };
		454896C9262588DA00F3ECA4 /* iOSBootcampFinalProjectTests.swift in Sources */ = {isa = PBXBuildFile; fileRef = 454896C8262588DA00F3ECA4 /* iOSBootcampFinalProjectTests.swift */; };
		454896D4262588DA00F3ECA4 /* iOSBootcampFinalProjectUITests.swift in Sources */ = {isa = PBXBuildFile; fileRef = 454896D3262588DA00F3ECA4 /* iOSBootcampFinalProjectUITests.swift */; };
/* End PBXBuildFile section */

/* Begin PBXContainerItemProxy section */
		454896C5262588DA00F3ECA4 /* PBXContainerItemProxy */ = {
			isa = PBXContainerItemProxy;
			containerPortal = 454896A3262588D700F3ECA4 /* Project object */;
			proxyType = 1;
			remoteGlobalIDString = 454896AA262588D700F3ECA4;
			remoteInfo = iOSBootcampFinalProject;
		};
		454896D0262588DA00F3ECA4 /* PBXContainerItemProxy */ = {
			isa = PBXContainerItemProxy;
			containerPortal = 454896A3262588D700F3ECA4 /* Project object */;
			proxyType = 1;
			remoteGlobalIDString = 454896AA262588D700F3ECA4;
			remoteInfo = iOSBootcampFinalProject;
		};
/* End PBXContainerItemProxy section */

/* Begin PBXFileReference section */
		454896AB262588D700F3ECA4 /* iOSBootcampFinalProject.app */ = {isa = PBXFileReference; explicitFileType = wrapper.application; includeInIndex = 0; path = iOSBootcampFinalProject.app; sourceTree = BUILT_PRODUCTS_DIR; };
		454896AE262588D700F3ECA4 /* AppDelegate.swift */ = {isa = PBXFileReference; lastKnownFileType = sourcecode.swift; path = AppDelegate.swift; sourceTree = "<group>"; };
		454896B0262588D700F3ECA4 /* SceneDelegate.swift */ = {isa = PBXFileReference; lastKnownFileType = sourcecode.swift; path = SceneDelegate.swift; sourceTree = "<group>"; };
		454896B2262588D700F3ECA4 /* ViewController.swift */ = {isa = PBXFileReference; lastKnownFileType = sourcecode.swift; path = ViewController.swift; sourceTree = "<group>"; };
		454896B5262588D700F3ECA4 /* Base */ = {isa = PBXFileReference; lastKnownFileType = file.storyboard; name = Base; path = Base.lproj/Main.storyboard; sourceTree = "<group>"; };
		454896B8262588D700F3ECA4 /* iOSBootcampFinalProject.xcdatamodel */ = {isa = PBXFileReference; lastKnownFileType = wrapper.xcdatamodel; path = iOSBootcampFinalProject.xcdatamodel; sourceTree = "<group>"; };
		454896BA262588DA00F3ECA4 /* Assets.xcassets */ = {isa = PBXFileReference; lastKnownFileType = folder.assetcatalog; path = Assets.xcassets; sourceTree = "<group>"; };
		454896BD262588DA00F3ECA4 /* Base */ = {isa = PBXFileReference; lastKnownFileType = file.storyboard; name = Base; path = Base.lproj/LaunchScreen.storyboard; sourceTree = "<group>"; };
		454896BF262588DA00F3ECA4 /* Info.plist */ = {isa = PBXFileReference; lastKnownFileType = text.plist.xml; path = Info.plist; sourceTree = "<group>"; };
		454896C4262588DA00F3ECA4 /* iOSBootcampFinalProjectTests.xctest */ = {isa = PBXFileReference; explicitFileType = wrapper.cfbundle; includeInIndex = 0; path = iOSBootcampFinalProjectTests.xctest; sourceTree = BUILT_PRODUCTS_DIR; };
		454896C8262588DA00F3ECA4 /* iOSBootcampFinalProjectTests.swift */ = {isa = PBXFileReference; lastKnownFileType = sourcecode.swift; path = iOSBootcampFinalProjectTests.swift; sourceTree = "<group>"; };
		454896CA262588DA00F3ECA4 /* Info.plist */ = {isa = PBXFileReference; lastKnownFileType = text.plist.xml; path = Info.plist; sourceTree = "<group>"; };
		454896CF262588DA00F3ECA4 /* iOSBootcampFinalProjectUITests.xctest */ = {isa = PBXFileReference; explicitFileType = wrapper.cfbundle; includeInIndex = 0; path = iOSBootcampFinalProjectUITests.xctest; sourceTree = BUILT_PRODUCTS_DIR; };
		454896D3262588DA00F3ECA4 /* iOSBootcampFinalProjectUITests.swift */ = {isa = PBXFileReference; lastKnownFileType = sourcecode.swift; path = iOSBootcampFinalProjectUITests.swift; sourceTree = "<group>"; };
		454896D5262588DA00F3ECA4 /* Info.plist */ = {isa = PBXFileReference; lastKnownFileType = text.plist.xml; path = Info.plist; sourceTree = "<group>"; };
/* End PBXFileReference section */

/* Begin PBXFrameworksBuildPhase section */
		454896A8262588D700F3ECA4 /* Frameworks */ = {
			isa = PBXFrameworksBuildPhase;
			buildActionMask = 2147483647;
			files = (
			);
			runOnlyForDeploymentPostprocessing = 0;
		};
		454896C1262588DA00F3ECA4 /* Frameworks */ = {
			isa = PBXFrameworksBuildPhase;
			buildActionMask = 2147483647;
			files = (
			);
			runOnlyForDeploymentPostprocessing = 0;
		};
		454896CC262588DA00F3ECA4 /* Frameworks */ = {
			isa = PBXFrameworksBuildPhase;
			buildActionMask = 2147483647;
			files = (
			);
			runOnlyForDeploymentPostprocessing = 0;
		};
/* End PBXFrameworksBuildPhase section */

/* Begin PBXGroup section */
		454896A2262588D700F3ECA4 = {
			isa = PBXGroup;
			children = (
				454896AD262588D700F3ECA4 /* iOSBootcampFinalProject */,
				454896C7262588DA00F3ECA4 /* iOSBootcampFinalProjectTests */,
				454896D2262588DA00F3ECA4 /* iOSBootcampFinalProjectUITests */,
				454896AC262588D700F3ECA4 /* Products */,
			);
			sourceTree = "<group>";
		};
		454896AC262588D700F3ECA4 /* Products */ = {
			isa = PBXGroup;
			children = (
				454896AB262588D700F3ECA4 /* iOSBootcampFinalProject.app */,
				454896C4262588DA00F3ECA4 /* iOSBootcampFinalProjectTests.xctest */,
				454896CF262588DA00F3ECA4 /* iOSBootcampFinalProjectUITests.xctest */,
			);
			name = Products;
			sourceTree = "<group>";
		};
		454896AD262588D700F3ECA4 /* iOSBootcampFinalProject */ = {
			isa = PBXGroup;
			children = (
				454896AE262588D700F3ECA4 /* AppDelegate.swift */,
				454896B0262588D700F3ECA4 /* SceneDelegate.swift */,
				454896B2262588D700F3ECA4 /* ViewController.swift */,
				454896B4262588D700F3ECA4 /* Main.storyboard */,
				454896BA262588DA00F3ECA4 /* Assets.xcassets */,
				454896BC262588DA00F3ECA4 /* LaunchScreen.storyboard */,
				454896BF262588DA00F3ECA4 /* Info.plist */,
				454896B7262588D700F3ECA4 /* iOSBootcampFinalProject.xcdatamodeld */,
			);
			path = iOSBootcampFinalProject;
			sourceTree = "<group>";
		};
		454896C7262588DA00F3ECA4 /* iOSBootcampFinalProjectTests */ = {
			isa = PBXGroup;
			children = (
				454896C8262588DA00F3ECA4 /* iOSBootcampFinalProjectTests.swift */,
				454896CA262588DA00F3ECA4 /* Info.plist */,
			);
			path = iOSBootcampFinalProjectTests;
			sourceTree = "<group>";
		};
		454896D2262588DA00F3ECA4 /* iOSBootcampFinalProjectUITests */ = {
			isa = PBXGroup;
			children = (
				454896D3262588DA00F3ECA4 /* iOSBootcampFinalProjectUITests.swift */,
				454896D5262588DA00F3ECA4 /* Info.plist */,
			);
			path = iOSBootcampFinalProjectUITests;
			sourceTree = "<group>";
		};
/* End PBXGroup section */

/* Begin PBXNativeTarget section */
		454896AA262588D700F3ECA4 /* iOSBootcampFinalProject */ = {
			isa = PBXNativeTarget;
			buildConfigurationList = 454896D8262588DA00F3ECA4 /* Build configuration list for PBXNativeTarget "iOSBootcampFinalProject" */;
			buildPhases = (
				454896A7262588D700F3ECA4 /* Sources */,
				454896A8262588D700F3ECA4 /* Frameworks */,
				454896A9262588D700F3ECA4 /* Resources */,
			);
			buildRules = (
			);
			dependencies = (
			);
			name = iOSBootcampFinalProject;
			productName = iOSBootcampFinalProject;
			productReference = 454896AB262588D700F3ECA4 /* iOSBootcampFinalProject.app */;
			productType = "com.apple.product-type.application";
		};
		454896C3262588DA00F3ECA4 /* iOSBootcampFinalProjectTests */ = {
			isa = PBXNativeTarget;
			buildConfigurationList = 454896DB262588DA00F3ECA4 /* Build configuration list for PBXNativeTarget "iOSBootcampFinalProjectTests" */;
			buildPhases = (
				454896C0262588DA00F3ECA4 /* Sources */,
				454896C1262588DA00F3ECA4 /* Frameworks */,
				454896C2262588DA00F3ECA4 /* Resources */,
			);
			buildRules = (
			);
			dependencies = (
				454896C6262588DA00F3ECA4 /* PBXTargetDependency */,
			);
			name = iOSBootcampFinalProjectTests;
			productName = iOSBootcampFinalProjectTests;
			productReference = 454896C4262588DA00F3ECA4 /* iOSBootcampFinalProjectTests.xctest */;
			productType = "com.apple.product-type.bundle.unit-test";
		};
		454896CE262588DA00F3ECA4 /* iOSBootcampFinalProjectUITests */ = {
			isa = PBXNativeTarget;
			buildConfigurationList = 454896DE262588DA00F3ECA4 /* Build configuration list for PBXNativeTarget "iOSBootcampFinalProjectUITests" */;
			buildPhases = (
				454896CB262588DA00F3ECA4 /* Sources */,
				454896CC262588DA00F3ECA4 /* Frameworks */,
				454896CD262588DA00F3ECA4 /* Resources */,
			);
			buildRules = (
			);
			dependencies = (
				454896D1262588DA00F3ECA4 /* PBXTargetDependency */,
			);
			name = iOSBootcampFinalProjectUITests;
			productName = iOSBootcampFinalProjectUITests;
			productReference = 454896CF262588DA00F3ECA4 /* iOSBootcampFinalProjectUITests.xctest */;
			productType = "com.apple.product-type.bundle.ui-testing";
		};
/* End PBXNativeTarget section */

/* Begin PBXProject section */
		454896A3262588D700F3ECA4 /* Project object */ = {
			isa = PBXProject;
			attributes = {
				LastSwiftUpdateCheck = 1160;
				LastUpgradeCheck = 1160;
				ORGANIZATIONNAME = TTN;
				TargetAttributes = {
					454896AA262588D700F3ECA4 = {
						CreatedOnToolsVersion = 11.6;
					};
					454896C3262588DA00F3ECA4 = {
						CreatedOnToolsVersion = 11.6;
						TestTargetID = 454896AA262588D700F3ECA4;
					};
					454896CE262588DA00F3ECA4 = {
						CreatedOnToolsVersion = 11.6;
						TestTargetID = 454896AA262588D700F3ECA4;
					};
				};
			};
			buildConfigurationList = 454896A6262588D700F3ECA4 /* Build configuration list for PBXProject "iOSBootcampFinalProject" */;
			compatibilityVersion = "Xcode 9.3";
			developmentRegion = en;
			hasScannedForEncodings = 0;
			knownRegions = (
				en,
				Base,
			);
			mainGroup = 454896A2262588D700F3ECA4;
			productRefGroup = 454896AC262588D700F3ECA4 /* Products */;
			projectDirPath = "";
			projectRoot = "";
			targets = (
				454896AA262588D700F3ECA4 /* iOSBootcampFinalProject */,
				454896C3262588DA00F3ECA4 /* iOSBootcampFinalProjectTests */,
				454896CE262588DA00F3ECA4 /* iOSBootcampFinalProjectUITests */,
			);
		};
/* End PBXProject section */

/* Begin PBXResourcesBuildPhase section */
		454896A9262588D700F3ECA4 /* Resources */ = {
			isa = PBXResourcesBuildPhase;
			buildActionMask = 2147483647;
			files = (
				454896BE262588DA00F3ECA4 /* LaunchScreen.storyboard in Resources */,
				454896BB262588DA00F3ECA4 /* Assets.xcassets in Resources */,
				454896B6262588D700F3ECA4 /* Main.storyboard in Resources */,
			);
			runOnlyForDeploymentPostprocessing = 0;
		};
		454896C2262588DA00F3ECA4 /* Resources */ = {
			isa = PBXResourcesBuildPhase;
			buildActionMask = 2147483647;
			files = (
			);
			runOnlyForDeploymentPostprocessing = 0;
		};
		454896CD262588DA00F3ECA4 /* Resources */ = {
			isa = PBXResourcesBuildPhase;
			buildActionMask = 2147483647;
			files = (
			);
			runOnlyForDeploymentPostprocessing = 0;
		};
/* End PBXResourcesBuildPhase section */

/* Begin PBXSourcesBuildPhase section */
		454896A7262588D700F3ECA4 /* Sources */ = {
			isa = PBXSourcesBuildPhase;
			buildActionMask = 2147483647;
			files = (
				454896B3262588D700F3ECA4 /* ViewController.swift in Sources */,
				454896B9262588D700F3ECA4 /* iOSBootcampFinalProject.xcdatamodeld in Sources */,
				454896AF262588D700F3ECA4 /* AppDelegate.swift in Sources */,
				454896B1262588D700F3ECA4 /* SceneDelegate.swift in Sources */,
			);
			runOnlyForDeploymentPostprocessing = 0;
		};
		454896C0262588DA00F3ECA4 /* Sources */ = {
			isa = PBXSourcesBuildPhase;
			buildActionMask = 2147483647;
			files = (
				454896C9262588DA00F3ECA4 /* iOSBootcampFinalProjectTests.swift in Sources */,
			);
			runOnlyForDeploymentPostprocessing = 0;
		};
		454896CB262588DA00F3ECA4 /* Sources */ = {
			isa = PBXSourcesBuildPhase;
			buildActionMask = 2147483647;
			files = (
				454896D4262588DA00F3ECA4 /* iOSBootcampFinalProjectUITests.swift in Sources */,
			);
			runOnlyForDeploymentPostprocessing = 0;
		};
/* End PBXSourcesBuildPhase section */

/* Begin PBXTargetDependency section */
		454896C6262588DA00F3ECA4 /* PBXTargetDependency */ = {
			isa = PBXTargetDependency;
			target = 454896AA262588D700F3ECA4 /* iOSBootcampFinalProject */;
			targetProxy = 454896C5262588DA00F3ECA4 /* PBXContainerItemProxy */;
		};
		454896D1262588DA00F3ECA4 /* PBXTargetDependency */ = {
			isa = PBXTargetDependency;
			target = 454896AA262588D700F3ECA4 /* iOSBootcampFinalProject */;
			targetProxy = 454896D0262588DA00F3ECA4 /* PBXContainerItemProxy */;
		};
/* End PBXTargetDependency section */

/* Begin PBXVariantGroup section */
		454896B4262588D700F3ECA4 /* Main.storyboard */ = {
			isa = PBXVariantGroup;
			children = (
				454896B5262588D700F3ECA4 /* Base */,
			);
			name = Main.storyboard;
			sourceTree = "<group>";
		};
		454896BC262588DA00F3ECA4 /* LaunchScreen.storyboard */ = {
			isa = PBXVariantGroup;
			children = (
				454896BD262588DA00F3ECA4 /* Base */,
			);
			name = LaunchScreen.storyboard;
			sourceTree = "<group>";
		};
/* End PBXVariantGroup section */

/* Begin XCBuildConfiguration section */
		454896D6262588DA00F3ECA4 /* Debug */ = {
			isa = XCBuildConfiguration;
			buildSettings = {
				ALWAYS_SEARCH_USER_PATHS = NO;
				CLANG_ANALYZER_NONNULL = YES;
				CLANG_ANALYZER_NUMBER_OBJECT_CONVERSION = YES_AGGRESSIVE;
				CLANG_CXX_LANGUAGE_STANDARD = "gnu++14";
				CLANG_CXX_LIBRARY = "libc++";
				CLANG_ENABLE_MODULES = YES;
				CLANG_ENABLE_OBJC_ARC = YES;
				CLANG_ENABLE_OBJC_WEAK = YES;
				CLANG_WARN_BLOCK_CAPTURE_AUTORELEASING = YES;
				CLANG_WARN_BOOL_CONVERSION = YES;
				CLANG_WARN_COMMA = YES;
				CLANG_WARN_CONSTANT_CONVERSION = YES;
				CLANG_WARN_DEPRECATED_OBJC_IMPLEMENTATIONS = YES;
				CLANG_WARN_DIRECT_OBJC_ISA_USAGE = YES_ERROR;
				CLANG_WARN_DOCUMENTATION_COMMENTS = YES;
				CLANG_WARN_EMPTY_BODY = YES;
				CLANG_WARN_ENUM_CONVERSION = YES;
				CLANG_WARN_INFINITE_RECURSION = YES;
				CLANG_WARN_INT_CONVERSION = YES;
				CLANG_WARN_NON_LITERAL_NULL_CONVERSION = YES;
				CLANG_WARN_OBJC_IMPLICIT_RETAIN_SELF = YES;
				CLANG_WARN_OBJC_LITERAL_CONVERSION = YES;
				CLANG_WARN_OBJC_ROOT_CLASS = YES_ERROR;
				CLANG_WARN_RANGE_LOOP_ANALYSIS = YES;
				CLANG_WARN_STRICT_PROTOTYPES = YES;
				CLANG_WARN_SUSPICIOUS_MOVE = YES;
				CLANG_WARN_UNGUARDED_AVAILABILITY = YES_AGGRESSIVE;
				CLANG_WARN_UNREACHABLE_CODE = YES;
				CLANG_WARN__DUPLICATE_METHOD_MATCH = YES;
				COPY_PHASE_STRIP = NO;
				DEBUG_INFORMATION_FORMAT = dwarf;
				ENABLE_STRICT_OBJC_MSGSEND = YES;
				ENABLE_TESTABILITY = YES;
				GCC_C_LANGUAGE_STANDARD = gnu11;
				GCC_DYNAMIC_NO_PIC = NO;
				GCC_NO_COMMON_BLOCKS = YES;
				GCC_OPTIMIZATION_LEVEL = 0;
				GCC_PREPROCESSOR_DEFINITIONS = (
					"DEBUG=1",
					"$(inherited)",
				);
				GCC_WARN_64_TO_32_BIT_CONVERSION = YES;
				GCC_WARN_ABOUT_RETURN_TYPE = YES_ERROR;
				GCC_WARN_UNDECLARED_SELECTOR = YES;
				GCC_WARN_UNINITIALIZED_AUTOS = YES_AGGRESSIVE;
				GCC_WARN_UNUSED_FUNCTION = YES;
				GCC_WARN_UNUSED_VARIABLE = YES;
				IPHONEOS_DEPLOYMENT_TARGET = 13.6;
				MTL_ENABLE_DEBUG_INFO = INCLUDE_SOURCE;
				MTL_FAST_MATH = YES;
				ONLY_ACTIVE_ARCH = YES;
				SDKROOT = iphoneos;
				SWIFT_ACTIVE_COMPILATION_CONDITIONS = DEBUG;
				SWIFT_OPTIMIZATION_LEVEL = "-Onone";
			};
			name = Debug;
		};
		454896D7262588DA00F3ECA4 /* Release */ = {
			isa = XCBuildConfiguration;
			buildSettings = {
				ALWAYS_SEARCH_USER_PATHS = NO;
				CLANG_ANALYZER_NONNULL = YES;
				CLANG_ANALYZER_NUMBER_OBJECT_CONVERSION = YES_AGGRESSIVE;
				CLANG_CXX_LANGUAGE_STANDARD = "gnu++14";
				CLANG_CXX_LIBRARY = "libc++";
				CLANG_ENABLE_MODULES = YES;
				CLANG_ENABLE_OBJC_ARC = YES;
				CLANG_ENABLE_OBJC_WEAK = YES;
				CLANG_WARN_BLOCK_CAPTURE_AUTORELEASING = YES;
				CLANG_WARN_BOOL_CONVERSION = YES;
				CLANG_WARN_COMMA = YES;
				CLANG_WARN_CONSTANT_CONVERSION = YES;
				CLANG_WARN_DEPRECATED_OBJC_IMPLEMENTATIONS = YES;
				CLANG_WARN_DIRECT_OBJC_ISA_USAGE = YES_ERROR;
				CLANG_WARN_DOCUMENTATION_COMMENTS = YES;
				CLANG_WARN_EMPTY_BODY = YES;
				CLANG_WARN_ENUM_CONVERSION = YES;
				CLANG_WARN_INFINITE_RECURSION = YES;
				CLANG_WARN_INT_CONVERSION = YES;
				CLANG_WARN_NON_LITERAL_NULL_CONVERSION = YES;
				CLANG_WARN_OBJC_IMPLICIT_RETAIN_SELF = YES;
				CLANG_WARN_OBJC_LITERAL_CONVERSION = YES;
				CLANG_WARN_OBJC_ROOT_CLASS = YES_ERROR;
				CLANG_WARN_RANGE_LOOP_ANALYSIS = YES;
				CLANG_WARN_STRICT_PROTOTYPES = YES;
				CLANG_WARN_SUSPICIOUS_MOVE = YES;
				CLANG_WARN_UNGUARDED_AVAILABILITY = YES_AGGRESSIVE;
				CLANG_WARN_UNREACHABLE_CODE = YES;
				CLANG_WARN__DUPLICATE_METHOD_MATCH = YES;
				COPY_PHASE_STRIP = NO;
				DEBUG_INFORMATION_FORMAT = "dwarf-with-dsym";
				ENABLE_NS_ASSERTIONS = NO;
				ENABLE_STRICT_OBJC_MSGSEND = YES;
				GCC_C_LANGUAGE_STANDARD = gnu11;
				GCC_NO_COMMON_BLOCKS = YES;
				GCC_WARN_64_TO_32_BIT_CONVERSION = YES;
				GCC_WARN_ABOUT_RETURN_TYPE = YES_ERROR;
				GCC_WARN_UNDECLARED_SELECTOR = YES;
				GCC_WARN_UNINITIALIZED_AUTOS = YES_AGGRESSIVE;
				GCC_WARN_UNUSED_FUNCTION = YES;
				GCC_WARN_UNUSED_VARIABLE = YES;
				IPHONEOS_DEPLOYMENT_TARGET = 13.6;
				MTL_ENABLE_DEBUG_INFO = NO;
				MTL_FAST_MATH = YES;
				SDKROOT = iphoneos;
				SWIFT_COMPILATION_MODE = wholemodule;
				SWIFT_OPTIMIZATION_LEVEL = "-O";
				VALIDATE_PRODUCT = YES;
			};
			name = Release;
		};
		454896D9262588DA00F3ECA4 /* Debug */ = {
			isa = XCBuildConfiguration;
			buildSettings = {
				ASSETCATALOG_COMPILER_APPICON_NAME = AppIcon;
				CODE_SIGN_STYLE = Automatic;
				INFOPLIST_FILE = iOSBootcampFinalProject/Info.plist;
				LD_RUNPATH_SEARCH_PATHS = (
					"$(inherited)",
					"@executable_path/Frameworks",
				);
				PRODUCT_BUNDLE_IDENTIFIER = com.ttn.iOSBootcampFinalProject;
				PRODUCT_NAME = "$(TARGET_NAME)";
				SWIFT_VERSION = 5.0;
				TARGETED_DEVICE_FAMILY = "1,2";
			};
			name = Debug;
		};
		454896DA262588DA00F3ECA4 /* Release */ = {
			isa = XCBuildConfiguration;
			buildSettings = {
				ASSETCATALOG_COMPILER_APPICON_NAME = AppIcon;
				CODE_SIGN_STYLE = Automatic;
				INFOPLIST_FILE = iOSBootcampFinalProject/Info.plist;
				LD_RUNPATH_SEARCH_PATHS = (
					"$(inherited)",
					"@executable_path/Frameworks",
				);
				PRODUCT_BUNDLE_IDENTIFIER = com.ttn.iOSBootcampFinalProject;
				PRODUCT_NAME = "$(TARGET_NAME)";
				SWIFT_VERSION = 5.0;
				TARGETED_DEVICE_FAMILY = "1,2";
			};
			name = Release;
		};
		454896DC262588DA00F3ECA4 /* Debug */ = {
			isa = XCBuildConfiguration;
			buildSettings = {
				ALWAYS_EMBED_SWIFT_STANDARD_LIBRARIES = YES;
				BUNDLE_LOADER = "$(TEST_HOST)";
				CODE_SIGN_STYLE = Automatic;
				INFOPLIST_FILE = iOSBootcampFinalProjectTests/Info.plist;
				IPHONEOS_DEPLOYMENT_TARGET = 13.6;
				LD_RUNPATH_SEARCH_PATHS = (
					"$(inherited)",
					"@executable_path/Frameworks",
					"@loader_path/Frameworks",
				);
				PRODUCT_BUNDLE_IDENTIFIER = com.ttn.iOSBootcampFinalProjectTests;
				PRODUCT_NAME = "$(TARGET_NAME)";
				SWIFT_VERSION = 5.0;
				TARGETED_DEVICE_FAMILY = "1,2";
				TEST_HOST = "$(BUILT_PRODUCTS_DIR)/iOSBootcampFinalProject.app/iOSBootcampFinalProject";
			};
			name = Debug;
		};
		454896DD262588DA00F3ECA4 /* Release */ = {
			isa = XCBuildConfiguration;
			buildSettings = {
				ALWAYS_EMBED_SWIFT_STANDARD_LIBRARIES = YES;
				BUNDLE_LOADER = "$(TEST_HOST)";
				CODE_SIGN_STYLE = Automatic;
				INFOPLIST_FILE = iOSBootcampFinalProjectTests/Info.plist;
				IPHONEOS_DEPLOYMENT_TARGET = 13.6;
				LD_RUNPATH_SEARCH_PATHS = (
					"$(inherited)",
					"@executable_path/Frameworks",
					"@loader_path/Frameworks",
				);
				PRODUCT_BUNDLE_IDENTIFIER = com.ttn.iOSBootcampFinalProjectTests;
				PRODUCT_NAME = "$(TARGET_NAME)";
				SWIFT_VERSION = 5.0;
				TARGETED_DEVICE_FAMILY = "1,2";
				TEST_HOST = "$(BUILT_PRODUCTS_DIR)/iOSBootcampFinalProject.app/iOSBootcampFinalProject";
			};
			name = Release;
		};
		454896DF262588DA00F3ECA4 /* Debug */ = {
			isa = XCBuildConfiguration;
			buildSettings = {
				ALWAYS_EMBED_SWIFT_STANDARD_LIBRARIES = YES;
				CODE_SIGN_STYLE = Automatic;
				INFOPLIST_FILE = iOSBootcampFinalProjectUITests/Info.plist;
				LD_RUNPATH_SEARCH_PATHS = (
					"$(inherited)",
					"@executable_path/Frameworks",
					"@loader_path/Frameworks",
				);
				PRODUCT_BUNDLE_IDENTIFIER = com.ttn.iOSBootcampFinalProjectUITests;
				PRODUCT_NAME = "$(TARGET_NAME)";
				SWIFT_VERSION = 5.0;
				TARGETED_DEVICE_FAMILY = "1,2";
				TEST_TARGET_NAME = iOSBootcampFinalProject;
			};
			name = Debug;
		};
		454896E0262588DA00F3ECA4 /* Release */ = {
			isa = XCBuildConfiguration;
			buildSettings = {
				ALWAYS_EMBED_SWIFT_STANDARD_LIBRARIES = YES;
				CODE_SIGN_STYLE = Automatic;
				INFOPLIST_FILE = iOSBootcampFinalProjectUITests/Info.plist;
				LD_RUNPATH_SEARCH_PATHS = (
					"$(inherited)",
					"@executable_path/Frameworks",
					"@loader_path/Frameworks",
				);
				PRODUCT_BUNDLE_IDENTIFIER = com.ttn.iOSBootcampFinalProjectUITests;
				PRODUCT_NAME = "$(TARGET_NAME)";
				SWIFT_VERSION = 5.0;
				TARGETED_DEVICE_FAMILY = "1,2";
				TEST_TARGET_NAME = iOSBootcampFinalProject;
			};
			name = Release;
		};
/* End XCBuildConfiguration section */

/* Begin XCConfigurationList section */
		454896A6262588D700F3ECA4 /* Build configuration list for PBXProject "iOSBootcampFinalProject" */ = {
			isa = XCConfigurationList;
			buildConfigurations = (
				454896D6262588DA00F3ECA4 /* Debug */,
				454896D7262588DA00F3ECA4 /* Release */,
			);
			defaultConfigurationIsVisible = 0;
			defaultConfigurationName = Release;
		};
		454896D8262588DA00F3ECA4 /* Build configuration list for PBXNativeTarget "iOSBootcampFinalProject" */ = {
			isa = XCConfigurationList;
			buildConfigurations = (
				454896D9262588DA00F3ECA4 /* Debug */,
				454896DA262588DA00F3ECA4 /* Release */,
			);
			defaultConfigurationIsVisible = 0;
			defaultConfigurationName = Release;
		};
		454896DB262588DA00F3ECA4 /* Build configuration list for PBXNativeTarget "iOSBootcampFinalProjectTests" */ = {
			isa = XCConfigurationList;
			buildConfigurations = (
				454896DC262588DA00F3ECA4 /* Debug */,
				454896DD262588DA00F3ECA4 /* Release */,
			);
			defaultConfigurationIsVisible = 0;
			defaultConfigurationName = Release;
		};
		454896DE262588DA00F3ECA4 /* Build configuration list for PBXNativeTarget "iOSBootcampFinalProjectUITests" */ = {
			isa = XCConfigurationList;
			buildConfigurations = (
				454896DF262588DA00F3ECA4 /* Debug */,
				454896E0262588DA00F3ECA4 /* Release */,
			);
			defaultConfigurationIsVisible = 0;
			defaultConfigurationName = Release;
		};
/* End XCConfigurationList section */

/* Begin XCVersionGroup section */
		454896B7262588D700F3ECA4 /* iOSBootcampFinalProject.xcdatamodeld */ = {
			isa = XCVersionGroup;
			children = (
				454896B8262588D700F3ECA4 /* iOSBootcampFinalProject.xcdatamodel */,
			);
			currentVersion = 454896B8262588D700F3ECA4 /* iOSBootcampFinalProject.xcdatamodel */;
			path = iOSBootcampFinalProject.xcdatamodeld;
			sourceTree = "<group>";
			versionGroupType = wrapper.xcdatamodel;
		};
/* End XCVersionGroup section */
	};
	rootObject = 454896A3262588D700F3ECA4 /* Project object */;
}
